
Microsoft Visual Studio Solution File, Format Version 12.00
# Visual Studio 15
VisualStudioVersion = 15.0.28010.2019
MinimumVisualStudioVersion = 10.0.40219.1
Project("{FAE04EC0-301F-11D3-BF4B-00C04F79EFBC}") = "L2Vector", "Vector\L2Vector.csproj", "{51FE21FB-2AC4-4B76-9F23-AA44689601DD}"
EndProject
Project("{FAE04EC0-301F-11D3-BF4B-00C04F79EFBC}") = "L1Range", "Range\L1Range.csproj", "{11F2B8EE-B2FF-49D8-87D2-CE8731B5516F}"
EndProject
Project("{FAE04EC0-301F-11D3-BF4B-00C04F79EFBC}") = "L2Shapes", "Shapes\L2Shapes.csproj", "{276DDB1A-FEE9-4ACF-BAC1-CB026E74C338}"
EndProject
Project("{FAE04EC0-301F-11D3-BF4B-00C04F79EFBC}") = "TMatrix", "TMatrix\TMatrix.csproj", "{89D9637B-5ACF-42D2-9A50-753DFDB61FBE}"
EndProject
Project("{FAE04EC0-301F-11D3-BF4B-00C04F79EFBC}") = "test2", "test2\test2.csproj", "{75FDD124-55C1-4ADF-ACB0-0873290B2EB6}"
EndProject
Project("{FAE04EC0-301F-11D3-BF4B-00C04F79EFBC}") = "TArrayListHome", "TList\TArrayListHome.csproj", "{1B481441-56A0-480B-988C-F9494A4E4360}"
EndProject
Project("{FAE04EC0-301F-11D3-BF4B-00C04F79EFBC}") = "HashTable", "HashTable\HashTable.csproj", "{612FF34B-55CE-4523-AC7E-1CFFCDDDC865}"
EndProject
Project("{FAE04EC0-301F-11D3-BF4B-00C04F79EFBC}") = "MyListAnalog", "MyListAnalog\MyListAnalog.csproj", "{E0421AF4-B983-4256-AD63-B0DB239633A6}"
EndProject
Project("{FAE04EC0-301F-11D3-BF4B-00C04F79EFBC}") = "SingleLinkedList", "SingleLinkedList\SingleLinkedList.csproj", "{2AF5B756-2968-48A6-956B-F1E13441CA7A}"
EndProject
Project("{FAE04EC0-301F-11D3-BF4B-00C04F79EFBC}") = "Tree", "Tree\Tree.csproj", "{783D3225-5D4C-426F-B8C9-3888F565DA16}"
EndProject
Project("{FAE04EC0-301F-11D3-BF4B-00C04F79EFBC}") = "Graph", "Graph\Graph.csproj", "{712CF17B-34DB-44E7-B5C0-658897147148}"
EndProject
Project("{FAE04EC0-301F-11D3-BF4B-00C04F79EFBC}") = "Swing", "Swing\Swing.csproj", "{4DA976AC-8157-4338-95F1-7CC655438BAF}"
EndProject
Project("{FAE04EC0-301F-11D3-BF4B-00C04F79EFBC}") = "Lambda", "Lambda\Lambda.csproj", "{5720CD2C-2706-41A8-9F79-2711C457A7EE}"
EndProject
Project("{FAE04EC0-301F-11D3-BF4B-00C04F79EFBC}") = "SquareAndFibonacci", "SquareAndFibonacci\SquareAndFibonacci.csproj", "{BDB54FC0-7A54-44BA-A5F3-C068025FA1A8}"
EndProject
Project("{FAE04EC0-301F-11D3-BF4B-00C04F79EFBC}") = "L16Streams", "L16Streams\L16Streams.csproj", "{28F509F1-5018-4722-BC85-CDA1D5822DC7}"
EndProject
Project("{FAE04EC0-301F-11D3-BF4B-00C04F79EFBC}") = "Reflection", "Reflection\Reflection.csproj", "{F916C809-FFF2-4FA8-BEB4-B86FDC06D657}"
EndProject
Project("{FAE04EC0-301F-11D3-BF4B-00C04F79EFBC}") = "exeForReflection", "exeForReflection\exeForReflection.csproj", "{D869B0D1-EB1A-499E-A53C-763CE6FA7FBB}"
EndProject
Global
	GlobalSection(SolutionConfigurationPlatforms) = preSolution
		Debug|Any CPU = Debug|Any CPU
		Release|Any CPU = Release|Any CPU
	EndGlobalSection
	GlobalSection(ProjectConfigurationPlatforms) = postSolution
		{51FE21FB-2AC4-4B76-9F23-AA44689601DD}.Debug|Any CPU.ActiveCfg = Debug|Any CPU
		{51FE21FB-2AC4-4B76-9F23-AA44689601DD}.Debug|Any CPU.Build.0 = Debug|Any CPU
		{51FE21FB-2AC4-4B76-9F23-AA44689601DD}.Release|Any CPU.ActiveCfg = Release|Any CPU
		{51FE21FB-2AC4-4B76-9F23-AA44689601DD}.Release|Any CPU.Build.0 = Release|Any CPU
		{11F2B8EE-B2FF-49D8-87D2-CE8731B5516F}.Debug|Any CPU.ActiveCfg = Debug|Any CPU
		{11F2B8EE-B2FF-49D8-87D2-CE8731B5516F}.Debug|Any CPU.Build.0 = Debug|Any CPU
		{11F2B8EE-B2FF-49D8-87D2-CE8731B5516F}.Release|Any CPU.ActiveCfg = Release|Any CPU
		{11F2B8EE-B2FF-49D8-87D2-CE8731B5516F}.Release|Any CPU.Build.0 = Release|Any CPU
		{276DDB1A-FEE9-4ACF-BAC1-CB026E74C338}.Debug|Any CPU.ActiveCfg = Debug|Any CPU
		{276DDB1A-FEE9-4ACF-BAC1-CB026E74C338}.Debug|Any CPU.Build.0 = Debug|Any CPU
		{276DDB1A-FEE9-4ACF-BAC1-CB026E74C338}.Release|Any CPU.ActiveCfg = Release|Any CPU
		{276DDB1A-FEE9-4ACF-BAC1-CB026E74C338}.Release|Any CPU.Build.0 = Release|Any CPU
		{89D9637B-5ACF-42D2-9A50-753DFDB61FBE}.Debug|Any CPU.ActiveCfg = Debug|Any CPU
		{89D9637B-5ACF-42D2-9A50-753DFDB61FBE}.Debug|Any CPU.Build.0 = Debug|Any CPU
		{89D9637B-5ACF-42D2-9A50-753DFDB61FBE}.Release|Any CPU.ActiveCfg = Release|Any CPU
		{89D9637B-5ACF-42D2-9A50-753DFDB61FBE}.Release|Any CPU.Build.0 = Release|Any CPU
		{75FDD124-55C1-4ADF-ACB0-0873290B2EB6}.Debug|Any CPU.ActiveCfg = Debug|Any CPU
		{75FDD124-55C1-4ADF-ACB0-0873290B2EB6}.Debug|Any CPU.Build.0 = Debug|Any CPU
		{75FDD124-55C1-4ADF-ACB0-0873290B2EB6}.Release|Any CPU.ActiveCfg = Release|Any CPU
		{75FDD124-55C1-4ADF-ACB0-0873290B2EB6}.Release|Any CPU.Build.0 = Release|Any CPU
		{1B481441-56A0-480B-988C-F9494A4E4360}.Debug|Any CPU.ActiveCfg = Debug|Any CPU
		{1B481441-56A0-480B-988C-F9494A4E4360}.Debug|Any CPU.Build.0 = Debug|Any CPU
		{1B481441-56A0-480B-988C-F9494A4E4360}.Release|Any CPU.ActiveCfg = Release|Any CPU
		{1B481441-56A0-480B-988C-F9494A4E4360}.Release|Any CPU.Build.0 = Release|Any CPU
		{612FF34B-55CE-4523-AC7E-1CFFCDDDC865}.Debug|Any CPU.ActiveCfg = Debug|Any CPU
		{612FF34B-55CE-4523-AC7E-1CFFCDDDC865}.Debug|Any CPU.Build.0 = Debug|Any CPU
		{612FF34B-55CE-4523-AC7E-1CFFCDDDC865}.Release|Any CPU.ActiveCfg = Release|Any CPU
		{612FF34B-55CE-4523-AC7E-1CFFCDDDC865}.Release|Any CPU.Build.0 = Release|Any CPU
		{E0421AF4-B983-4256-AD63-B0DB239633A6}.Debug|Any CPU.ActiveCfg = Debug|Any CPU
		{E0421AF4-B983-4256-AD63-B0DB239633A6}.Debug|Any CPU.Build.0 = Debug|Any CPU
		{E0421AF4-B983-4256-AD63-B0DB239633A6}.Release|Any CPU.ActiveCfg = Release|Any CPU
		{E0421AF4-B983-4256-AD63-B0DB239633A6}.Release|Any CPU.Build.0 = Release|Any CPU
		{2AF5B756-2968-48A6-956B-F1E13441CA7A}.Debug|Any CPU.ActiveCfg = Debug|Any CPU
		{2AF5B756-2968-48A6-956B-F1E13441CA7A}.Debug|Any CPU.Build.0 = Debug|Any CPU
		{2AF5B756-2968-48A6-956B-F1E13441CA7A}.Release|Any CPU.ActiveCfg = Release|Any CPU
		{2AF5B756-2968-48A6-956B-F1E13441CA7A}.Release|Any CPU.Build.0 = Release|Any CPU
		{783D3225-5D4C-426F-B8C9-3888F565DA16}.Debug|Any CPU.ActiveCfg = Debug|Any CPU
		{783D3225-5D4C-426F-B8C9-3888F565DA16}.Debug|Any CPU.Build.0 = Debug|Any CPU
		{783D3225-5D4C-426F-B8C9-3888F565DA16}.Release|Any CPU.ActiveCfg = Release|Any CPU
		{783D3225-5D4C-426F-B8C9-3888F565DA16}.Release|Any CPU.Build.0 = Release|Any CPU
		{712CF17B-34DB-44E7-B5C0-658897147148}.Debug|Any CPU.ActiveCfg = Debug|Any CPU
		{712CF17B-34DB-44E7-B5C0-658897147148}.Debug|Any CPU.Build.0 = Debug|Any CPU
		{712CF17B-34DB-44E7-B5C0-658897147148}.Release|Any CPU.ActiveCfg = Release|Any CPU
		{712CF17B-34DB-44E7-B5C0-658897147148}.Release|Any CPU.Build.0 = Release|Any CPU
		{4DA976AC-8157-4338-95F1-7CC655438BAF}.Debug|Any CPU.ActiveCfg = Debug|Any CPU
		{4DA976AC-8157-4338-95F1-7CC655438BAF}.Debug|Any CPU.Build.0 = Debug|Any CPU
		{4DA976AC-8157-4338-95F1-7CC655438BAF}.Release|Any CPU.ActiveCfg = Release|Any CPU
		{4DA976AC-8157-4338-95F1-7CC655438BAF}.Release|Any CPU.Build.0 = Release|Any CPU
		{5720CD2C-2706-41A8-9F79-2711C457A7EE}.Debug|Any CPU.ActiveCfg = Debug|Any CPU
		{5720CD2C-2706-41A8-9F79-2711C457A7EE}.Debug|Any CPU.Build.0 = Debug|Any CPU
		{5720CD2C-2706-41A8-9F79-2711C457A7EE}.Release|Any CPU.ActiveCfg = Release|Any CPU
		{5720CD2C-2706-41A8-9F79-2711C457A7EE}.Release|Any CPU.Build.0 = Release|Any CPU
		{BDB54FC0-7A54-44BA-A5F3-C068025FA1A8}.Debug|Any CPU.ActiveCfg = Debug|Any CPU
		{BDB54FC0-7A54-44BA-A5F3-C068025FA1A8}.Debug|Any CPU.Build.0 = Debug|Any CPU
		{BDB54FC0-7A54-44BA-A5F3-C068025FA1A8}.Release|Any CPU.ActiveCfg = Release|Any CPU
		{BDB54FC0-7A54-44BA-A5F3-C068025FA1A8}.Release|Any CPU.Build.0 = Release|Any CPU
		{28F509F1-5018-4722-BC85-CDA1D5822DC7}.Debug|Any CPU.ActiveCfg = Debug|Any CPU
		{28F509F1-5018-4722-BC85-CDA1D5822DC7}.Debug|Any CPU.Build.0 = Debug|Any CPU
		{28F509F1-5018-4722-BC85-CDA1D5822DC7}.Release|Any CPU.ActiveCfg = Release|Any CPU
		{28F509F1-5018-4722-BC85-CDA1D5822DC7}.Release|Any CPU.Build.0 = Release|Any CPU
		{F916C809-FFF2-4FA8-BEB4-B86FDC06D657}.Debug|Any CPU.ActiveCfg = Debug|Any CPU
		{F916C809-FFF2-4FA8-BEB4-B86FDC06D657}.Debug|Any CPU.Build.0 = Debug|Any CPU
		{F916C809-FFF2-4FA8-BEB4-B86FDC06D657}.Release|Any CPU.ActiveCfg = Release|Any CPU
		{F916C809-FFF2-4FA8-BEB4-B86FDC06D657}.Release|Any CPU.Build.0 = Release|Any CPU
		{D869B0D1-EB1A-499E-A53C-763CE6FA7FBB}.Debug|Any CPU.ActiveCfg = Debug|Any CPU
		{D869B0D1-EB1A-499E-A53C-763CE6FA7FBB}.Debug|Any CPU.Build.0 = Debug|Any CPU
		{D869B0D1-EB1A-499E-A53C-763CE6FA7FBB}.Release|Any CPU.ActiveCfg = Release|Any CPU
		{D869B0D1-EB1A-499E-A53C-763CE6FA7FBB}.Release|Any CPU.Build.0 = Release|Any CPU
	EndGlobalSection
	GlobalSection(SolutionProperties) = preSolution
		HideSolutionNode = FALSE
	EndGlobalSection
	GlobalSection(ExtensibilityGlobals) = postSolution
		SolutionGuid = {F7E527E9-0ABD-4B52-A5A9-B0C98504C103}
	EndGlobalSection
EndGlobal
